
Microsoft Visual Studio Solution File, Format Version 12.00
# Visual Studio Version 16
VisualStudioVersion = 16.0.30002.166
MinimumVisualStudioVersion = 10.0.40219.1
Project("{FAE04EC0-301F-11D3-BF4B-00C04F79EFBC}") = "FizzBuzz", "FizzBuzz\FizzBuzz.csproj", "{F2E85C33-4D31-458B-B385-8BB28EA83AF9}"
EndProject
Global
	GlobalSection(SolutionConfigurationPlatforms) = preSolution
		Debug|Any CPU = Debug|Any CPU
		Release|Any CPU = Release|Any CPU
	EndGlobalSection
	GlobalSection(ProjectConfigurationPlatforms) = postSolution
		{F2E85C33-4D31-458B-B385-8BB28EA83AF9}.Debug|Any CPU.ActiveCfg = Debug|Any CPU
		{F2E85C33-4D31-458B-B385-8BB28EA83AF9}.Debug|Any CPU.Build.0 = Debug|Any CPU
		{F2E85C33-4D31-458B-B385-8BB28EA83AF9}.Release|Any CPU.ActiveCfg = Release|Any CPU
		{F2E85C33-4D31-458B-B385-8BB28EA83AF9}.Release|Any CPU.Build.0 = Release|Any CPU
	EndGlobalSection
	GlobalSection(SolutionProperties) = preSolution
		HideSolutionNode = FALSE
	EndGlobalSection
	GlobalSection(ExtensibilityGlobals) = postSolution
		SolutionGuid = {36D725FD-B099-48D6-826F-2F6DB947C245}
	EndGlobalSection
EndGlobal
